// !$*UTF8*$!
{
	archiveVersion = 1;
	classes = {
	};
	objectVersion = 77;
	objects = {

/* Begin PBXBuildFile section */
		BE786D0F2D8C7C2D00B133AF /* ContentView.swift in Sources */ = {isa = PBXBuildFile; fileRef = BE786D0C2D8C7C2D00B133AF /* ContentView.swift */; };
		BE786D102D8C7C2D00B133AF /* SwiftUI_ListViewApp.swift in Sources */ = {isa = PBXBuildFile; fileRef = BE786D0D2D8C7C2D00B133AF /* SwiftUI_ListViewApp.swift */; };
		BE786D112D8C7C2D00B133AF /* Preview Assets.xcassets in Resources */ = {isa = PBXBuildFile; fileRef = BE786D092D8C7C2D00B133AF /* Preview Assets.xcassets */; };
		BE786D122D8C7C2D00B133AF /* Assets.xcassets in Resources */ = {isa = PBXBuildFile; fileRef = BE786D0B2D8C7C2D00B133AF /* Assets.xcassets */; };
		BE786D152D8C7C4100B133AF /* Datas.json in Resources */ = {isa = PBXBuildFile; fileRef = BE786D142D8C7C3A00B133AF /* Datas.json */; };
		BE786D182D8C7CC300B133AF /* BirdsModel.swift in Sources */ = {isa = PBXBuildFile; fileRef = BE786D172D8C7CBD00B133AF /* BirdsModel.swift */; };
		BE786D1A2D8C89FF00B133AF /* Storyboard.storyboard in Resources */ = {isa = PBXBuildFile; fileRef = BE786D192D8C89FF00B133AF /* Storyboard.storyboard */; };
		BE786D1F2D8C8D5F00B133AF /* DetailsView.swift in Sources */ = {isa = PBXBuildFile; fileRef = BE786D1E2D8C8D5F00B133AF /* DetailsView.swift */; };
/* End PBXBuildFile section */

/* Begin PBXFileReference section */
		BE786CF82D8C799C00B133AF /* SwiftUI_ListView.app */ = {isa = PBXFileReference; explicitFileType = wrapper.application; includeInIndex = 0; path = SwiftUI_ListView.app; sourceTree = BUILT_PRODUCTS_DIR; };
		BE786D092D8C7C2D00B133AF /* Preview Assets.xcassets */ = {isa = PBXFileReference; lastKnownFileType = folder.assetcatalog; path = "Preview Assets.xcassets"; sourceTree = "<group>"; };
		BE786D0B2D8C7C2D00B133AF /* Assets.xcassets */ = {isa = PBXFileReference; lastKnownFileType = folder.assetcatalog; path = Assets.xcassets; sourceTree = "<group>"; };
		BE786D0C2D8C7C2D00B133AF /* ContentView.swift */ = {isa = PBXFileReference; lastKnownFileType = sourcecode.swift; path = ContentView.swift; sourceTree = "<group>"; };
		BE786D0D2D8C7C2D00B133AF /* SwiftUI_ListViewApp.swift */ = {isa = PBXFileReference; lastKnownFileType = sourcecode.swift; path = SwiftUI_ListViewApp.swift; sourceTree = "<group>"; };
		BE786D142D8C7C3A00B133AF /* Datas.json */ = {isa = PBXFileReference; lastKnownFileType = text.json; path = Datas.json; sourceTree = "<group>"; };
		BE786D172D8C7CBD00B133AF /* BirdsModel.swift */ = {isa = PBXFileReference; lastKnownFileType = sourcecode.swift; path = BirdsModel.swift; sourceTree = "<group>"; };
		BE786D192D8C89FF00B133AF /* Storyboard.storyboard */ = {isa = PBXFileReference; lastKnownFileType = file.storyboard; path = Storyboard.storyboard; sourceTree = "<group>"; };
		BE786D1E2D8C8D5F00B133AF /* DetailsView.swift */ = {isa = PBXFileReference; lastKnownFileType = sourcecode.swift; path = DetailsView.swift; sourceTree = "<group>"; };
/* End PBXFileReference section */

/* Begin PBXFrameworksBuildPhase section */
		BE786CF52D8C799C00B133AF /* Frameworks */ = {
			isa = PBXFrameworksBuildPhase;
			buildActionMask = 2147483647;
			files = (
			);
			runOnlyForDeploymentPostprocessing = 0;
		};
/* End PBXFrameworksBuildPhase section */

/* Begin PBXGroup section */
		BE786CEF2D8C799C00B133AF = {
			isa = PBXGroup;
			children = (
				BE786D0E2D8C7C2D00B133AF /* SwiftUI_ListView */,
				BE786CF92D8C799C00B133AF /* Products */,
			);
			sourceTree = "<group>";
		};
		BE786CF92D8C799C00B133AF /* Products */ = {
			isa = PBXGroup;
			children = (
				BE786CF82D8C799C00B133AF /* SwiftUI_ListView.app */,
			);
			name = Products;
			sourceTree = "<group>";
		};
		BE786D0A2D8C7C2D00B133AF /* Preview Content */ = {
			isa = PBXGroup;
			children = (
				BE786D092D8C7C2D00B133AF /* Preview Assets.xcassets */,
			);
			path = "Preview Content";
			sourceTree = "<group>";
		};
		BE786D0E2D8C7C2D00B133AF /* SwiftUI_ListView */ = {
			isa = PBXGroup;
			children = (
				BE786D1B2D8C8D3900B133AF /* View */,
				BE786D162D8C7CB400B133AF /* Model */,
				BE786D132D8C7C3200B133AF /* Extention */,
				BE786D0A2D8C7C2D00B133AF /* Preview Content */,
				BE786D0B2D8C7C2D00B133AF /* Assets.xcassets */,
				BE786D0D2D8C7C2D00B133AF /* SwiftUI_ListViewApp.swift */,
				BE786D192D8C89FF00B133AF /* Storyboard.storyboard */,
			);
			path = SwiftUI_ListView;
			sourceTree = "<group>";
		};
		BE786D132D8C7C3200B133AF /* Extention */ = {
			isa = PBXGroup;
			children = (
				BE786D142D8C7C3A00B133AF /* Datas.json */,
			);
			path = Extention;
			sourceTree = "<group>";
		};
		BE786D162D8C7CB400B133AF /* Model */ = {
			isa = PBXGroup;
			children = (
				BE786D172D8C7CBD00B133AF /* BirdsModel.swift */,
			);
			path = Model;
			sourceTree = "<group>";
		};
		BE786D1B2D8C8D3900B133AF /* View */ = {
			isa = PBXGroup;
			children = (
				BE786D0C2D8C7C2D00B133AF /* ContentView.swift */,
				BE786D1E2D8C8D5F00B133AF /* DetailsView.swift */,
			);
			path = View;
			sourceTree = "<group>";
		};
/* End PBXGroup section */

/* Begin PBXNativeTarget section */
		BE786CF72D8C799C00B133AF /* SwiftUI_ListView */ = {
			isa = PBXNativeTarget;
			buildConfigurationList = BE786D062D8C799E00B133AF /* Build configuration list for PBXNativeTarget "SwiftUI_ListView" */;
			buildPhases = (
				BE786CF42D8C799C00B133AF /* Sources */,
				BE786CF52D8C799C00B133AF /* Frameworks */,
				BE786CF62D8C799C00B133AF /* Resources */,
			);
			buildRules = (
			);
			dependencies = (
			);
			name = SwiftUI_ListView;
			packageProductDependencies = (
			);
			productName = SwiftUI_ListView;
			productReference = BE786CF82D8C799C00B133AF /* SwiftUI_ListView.app */;
			productType = "com.apple.product-type.application";
		};
/* End PBXNativeTarget section */

/* Begin PBXProject section */
		BE786CF02D8C799C00B133AF /* Project object */ = {
			isa = PBXProject;
			attributes = {
				BuildIndependentTargetsInParallel = 1;
				LastSwiftUpdateCheck = 1610;
				LastUpgradeCheck = 1610;
				TargetAttributes = {
					BE786CF72D8C799C00B133AF = {
						CreatedOnToolsVersion = 16.1;
					};
				};
			};
			buildConfigurationList = BE786CF32D8C799C00B133AF /* Build configuration list for PBXProject "SwiftUI_ListView" */;
			developmentRegion = en;
			hasScannedForEncodings = 0;
			knownRegions = (
				en,
				Base,
			);
			mainGroup = BE786CEF2D8C799C00B133AF;
			minimizedProjectReferenceProxies = 1;
			preferredProjectObjectVersion = 77;
			productRefGroup = BE786CF92D8C799C00B133AF /* Products */;
			projectDirPath = "";
			projectRoot = "";
			targets = (
				BE786CF72D8C799C00B133AF /* SwiftUI_ListView */,
			);
		};
/* End PBXProject section */

/* Begin PBXResourcesBuildPhase section */
		BE786CF62D8C799C00B133AF /* Resources */ = {
			isa = PBXResourcesBuildPhase;
			buildActionMask = 2147483647;
			files = (
				BE786D112D8C7C2D00B133AF /* Preview Assets.xcassets in Resources */,
				BE786D1A2D8C89FF00B133AF /* Storyboard.storyboard in Resources */,
				BE786D122D8C7C2D00B133AF /* Assets.xcassets in Resources */,
				BE786D152D8C7C4100B133AF /* Datas.json in Resources */,
			);
			runOnlyForDeploymentPostprocessing = 0;
		};
/* End PBXResourcesBuildPhase section */

/* Begin PBXSourcesBuildPhase section */
		BE786CF42D8C799C00B133AF /* Sources */ = {
			isa = PBXSourcesBuildPhase;
			buildActionMask = 2147483647;
			files = (
				BE786D0F2D8C7C2D00B133AF /* ContentView.swift in Sources */,
				BE786D1F2D8C8D5F00B133AF /* DetailsView.swift in Sources */,
				BE786D182D8C7CC300B133AF /* BirdsModel.swift in Sources */,
				BE786D102D8C7C2D00B133AF /* SwiftUI_ListViewApp.swift in Sources */,
			);
			runOnlyForDeploymentPostprocessing = 0;
		};
/* End PBXSourcesBuildPhase section */

/* Begin XCBuildConfiguration section */
		BE786D042D8C799E00B133AF /* Debug */ = {
			isa = XCBuildConfiguration;
			buildSettings = {
				ALWAYS_SEARCH_USER_PATHS = NO;
				ASSETCATALOG_COMPILER_GENERATE_SWIFT_ASSET_SYMBOL_EXTENSIONS = YES;
				CLANG_ANALYZER_NONNULL = YES;
				CLANG_ANALYZER_NUMBER_OBJECT_CONVERSION = YES_AGGRESSIVE;
				CLANG_CXX_LANGUAGE_STANDARD = "gnu++20";
				CLANG_ENABLE_MODULES = YES;
				CLANG_ENABLE_OBJC_ARC = YES;
				CLANG_ENABLE_OBJC_WEAK = YES;
				CLANG_WARN_BLOCK_CAPTURE_AUTORELEASING = YES;
				CLANG_WARN_BOOL_CONVERSION = YES;
				CLANG_WARN_COMMA = YES;
				CLANG_WARN_CONSTANT_CONVERSION = YES;
				CLANG_WARN_DEPRECATED_OBJC_IMPLEMENTATIONS = YES;
				CLANG_WARN_DIRECT_OBJC_ISA_USAGE = YES_ERROR;
				CLANG_WARN_DOCUMENTATION_COMMENTS = YES;
				CLANG_WARN_EMPTY_BODY = YES;
				CLANG_WARN_ENUM_CONVERSION = YES;
				CLANG_WARN_INFINITE_RECURSION = YES;
				CLANG_WARN_INT_CONVERSION = YES;
				CLANG_WARN_NON_LITERAL_NULL_CONVERSION = YES;
				CLANG_WARN_OBJC_IMPLICIT_RETAIN_SELF = YES;
				CLANG_WARN_OBJC_LITERAL_CONVERSION = YES;
				CLANG_WARN_OBJC_ROOT_CLASS = YES_ERROR;
				CLANG_WARN_QUOTED_INCLUDE_IN_FRAMEWORK_HEADER = YES;
				CLANG_WARN_RANGE_LOOP_ANALYSIS = YES;
				CLANG_WARN_STRICT_PROTOTYPES = YES;
				CLANG_WARN_SUSPICIOUS_MOVE = YES;
				CLANG_WARN_UNGUARDED_AVAILABILITY = YES_AGGRESSIVE;
				CLANG_WARN_UNREACHABLE_CODE = YES;
				CLANG_WARN__DUPLICATE_METHOD_MATCH = YES;
				COPY_PHASE_STRIP = NO;
				DEBUG_INFORMATION_FORMAT = dwarf;
				ENABLE_STRICT_OBJC_MSGSEND = YES;
				ENABLE_TESTABILITY = YES;
				ENABLE_USER_SCRIPT_SANDBOXING = YES;
				GCC_C_LANGUAGE_STANDARD = gnu17;
				GCC_DYNAMIC_NO_PIC = NO;
				GCC_NO_COMMON_BLOCKS = YES;
				GCC_OPTIMIZATION_LEVEL = 0;
				GCC_PREPROCESSOR_DEFINITIONS = (
					"DEBUG=1",
					"$(inherited)",
				);
				GCC_WARN_64_TO_32_BIT_CONVERSION = YES;
				GCC_WARN_ABOUT_RETURN_TYPE = YES_ERROR;
				GCC_WARN_UNDECLARED_SELECTOR = YES;
				GCC_WARN_UNINITIALIZED_AUTOS = YES_AGGRESSIVE;
				GCC_WARN_UNUSED_FUNCTION = YES;
				GCC_WARN_UNUSED_VARIABLE = YES;
				IPHONEOS_DEPLOYMENT_TARGET = 18.1;
				LOCALIZATION_PREFERS_STRING_CATALOGS = YES;
				MTL_ENABLE_DEBUG_INFO = INCLUDE_SOURCE;
				MTL_FAST_MATH = YES;
				ONLY_ACTIVE_ARCH = YES;
				SDKROOT = iphoneos;
				SWIFT_ACTIVE_COMPILATION_CONDITIONS = "DEBUG $(inherited)";
				SWIFT_OPTIMIZATION_LEVEL = "-Onone";
			};
			name = Debug;
		};
		BE786D052D8C799E00B133AF /* Release */ = {
			isa = XCBuildConfiguration;
			buildSettings = {
				ALWAYS_SEARCH_USER_PATHS = NO;
				ASSETCATALOG_COMPILER_GENERATE_SWIFT_ASSET_SYMBOL_EXTENSIONS = YES;
				CLANG_ANALYZER_NONNULL = YES;
				CLANG_ANALYZER_NUMBER_OBJECT_CONVERSION = YES_AGGRESSIVE;
				CLANG_CXX_LANGUAGE_STANDARD = "gnu++20";
				CLANG_ENABLE_MODULES = YES;
				CLANG_ENABLE_OBJC_ARC = YES;
				CLANG_ENABLE_OBJC_WEAK = YES;
				CLANG_WARN_BLOCK_CAPTURE_AUTORELEASING = YES;
				CLANG_WARN_BOOL_CONVERSION = YES;
				CLANG_WARN_COMMA = YES;
				CLANG_WARN_CONSTANT_CONVERSION = YES;
				CLANG_WARN_DEPRECATED_OBJC_IMPLEMENTATIONS = YES;
				CLANG_WARN_DIRECT_OBJC_ISA_USAGE = YES_ERROR;
				CLANG_WARN_DOCUMENTATION_COMMENTS = YES;
				CLANG_WARN_EMPTY_BODY = YES;
				CLANG_WARN_ENUM_CONVERSION = YES;
				CLANG_WARN_INFINITE_RECURSION = YES;
				CLANG_WARN_INT_CONVERSION = YES;
				CLANG_WARN_NON_LITERAL_NULL_CONVERSION = YES;
				CLANG_WARN_OBJC_IMPLICIT_RETAIN_SELF = YES;
				CLANG_WARN_OBJC_LITERAL_CONVERSION = YES;
				CLANG_WARN_OBJC_ROOT_CLASS = YES_ERROR;
				CLANG_WARN_QUOTED_INCLUDE_IN_FRAMEWORK_HEADER = YES;
				CLANG_WARN_RANGE_LOOP_ANALYSIS = YES;
				CLANG_WARN_STRICT_PROTOTYPES = YES;
				CLANG_WARN_SUSPICIOUS_MOVE = YES;
				CLANG_WARN_UNGUARDED_AVAILABILITY = YES_AGGRESSIVE;
				CLANG_WARN_UNREACHABLE_CODE = YES;
				CLANG_WARN__DUPLICATE_METHOD_MATCH = YES;
				COPY_PHASE_STRIP = NO;
				DEBUG_INFORMATION_FORMAT = "dwarf-with-dsym";
				ENABLE_NS_ASSERTIONS = NO;
				ENABLE_STRICT_OBJC_MSGSEND = YES;
				ENABLE_USER_SCRIPT_SANDBOXING = YES;
				GCC_C_LANGUAGE_STANDARD = gnu17;
				GCC_NO_COMMON_BLOCKS = YES;
				GCC_WARN_64_TO_32_BIT_CONVERSION = YES;
				GCC_WARN_ABOUT_RETURN_TYPE = YES_ERROR;
				GCC_WARN_UNDECLARED_SELECTOR = YES;
				GCC_WARN_UNINITIALIZED_AUTOS = YES_AGGRESSIVE;
				GCC_WARN_UNUSED_FUNCTION = YES;
				GCC_WARN_UNUSED_VARIABLE = YES;
				IPHONEOS_DEPLOYMENT_TARGET = 18.1;
				LOCALIZATION_PREFERS_STRING_CATALOGS = YES;
				MTL_ENABLE_DEBUG_INFO = NO;
				MTL_FAST_MATH = YES;
				SDKROOT = iphoneos;
				SWIFT_COMPILATION_MODE = wholemodule;
				VALIDATE_PRODUCT = YES;
			};
			name = Release;
		};
		BE786D072D8C799E00B133AF /* Debug */ = {
			isa = XCBuildConfiguration;
			buildSettings = {
				ASSETCATALOG_COMPILER_APPICON_NAME = AppIcon;
				ASSETCATALOG_COMPILER_GLOBAL_ACCENT_COLOR_NAME = AccentColor;
				CODE_SIGN_STYLE = Automatic;
				CURRENT_PROJECT_VERSION = 1;
				DEVELOPMENT_ASSET_PATHS = "\"SwiftUI_ListView/Preview Content\"";
				ENABLE_PREVIEWS = YES;
				GENERATE_INFOPLIST_FILE = YES;
				INFOPLIST_KEY_UIApplicationSceneManifest_Generation = YES;
				INFOPLIST_KEY_UIApplicationSupportsIndirectInputEvents = YES;
				INFOPLIST_KEY_UILaunchScreen_Generation = YES;
				INFOPLIST_KEY_UISupportedInterfaceOrientations_iPad = "UIInterfaceOrientationPortrait UIInterfaceOrientationPortraitUpsideDown UIInterfaceOrientationLandscapeLeft UIInterfaceOrientationLandscapeRight";
				INFOPLIST_KEY_UISupportedInterfaceOrientations_iPhone = "UIInterfaceOrientationPortrait UIInterfaceOrientationLandscapeLeft UIInterfaceOrientationLandscapeRight";
				LD_RUNPATH_SEARCH_PATHS = (
					"$(inherited)",
					"@executable_path/Frameworks",
				);
				MARKETING_VERSION = 1.0;
				PRODUCT_BUNDLE_IDENTIFIER = "thirdcode.SwiftUI-ListView";
				PRODUCT_NAME = "$(TARGET_NAME)";
				SWIFT_EMIT_LOC_STRINGS = YES;
				SWIFT_VERSION = 5.0;
				TARGETED_DEVICE_FAMILY = "1,2";
			};
			name = Debug;
		};
		BE786D082D8C799E00B133AF /* Release */ = {
			isa = XCBuildConfiguration;
			buildSettings = {
				ASSETCATALOG_COMPILER_APPICON_NAME = AppIcon;
				ASSETCATALOG_COMPILER_GLOBAL_ACCENT_COLOR_NAME = AccentColor;
				CODE_SIGN_STYLE = Automatic;
				CURRENT_PROJECT_VERSION = 1;
				DEVELOPMENT_ASSET_PATHS = "\"SwiftUI_ListView/Preview Content\"";
				ENABLE_PREVIEWS = YES;
				GENERATE_INFOPLIST_FILE = YES;
				INFOPLIST_KEY_UIApplicationSceneManifest_Generation = YES;
				INFOPLIST_KEY_UIApplicationSupportsIndirectInputEvents = YES;
				INFOPLIST_KEY_UILaunchScreen_Generation = YES;
				INFOPLIST_KEY_UISupportedInterfaceOrientations_iPad = "UIInterfaceOrientationPortrait UIInterfaceOrientationPortraitUpsideDown UIInterfaceOrientationLandscapeLeft UIInterfaceOrientationLandscapeRight";
				INFOPLIST_KEY_UISupportedInterfaceOrientations_iPhone = "UIInterfaceOrientationPortrait UIInterfaceOrientationLandscapeLeft UIInterfaceOrientationLandscapeRight";
				LD_RUNPATH_SEARCH_PATHS = (
					"$(inherited)",
					"@executable_path/Frameworks",
				);
				MARKETING_VERSION = 1.0;
				PRODUCT_BUNDLE_IDENTIFIER = "thirdcode.SwiftUI-ListView";
				PRODUCT_NAME = "$(TARGET_NAME)";
				SWIFT_EMIT_LOC_STRINGS = YES;
				SWIFT_VERSION = 5.0;
				TARGETED_DEVICE_FAMILY = "1,2";
			};
			name = Release;
		};
/* End XCBuildConfiguration section */

/* Begin XCConfigurationList section */
		BE786CF32D8C799C00B133AF /* Build configuration list for PBXProject "SwiftUI_ListView" */ = {
			isa = XCConfigurationList;
			buildConfigurations = (
				BE786D042D8C799E00B133AF /* Debug */,
				BE786D052D8C799E00B133AF /* Release */,
			);
			defaultConfigurationIsVisible = 0;
			defaultConfigurationName = Release;
		};
		BE786D062D8C799E00B133AF /* Build configuration list for PBXNativeTarget "SwiftUI_ListView" */ = {
			isa = XCConfigurationList;
			buildConfigurations = (
				BE786D072D8C799E00B133AF /* Debug */,
				BE786D082D8C799E00B133AF /* Release */,
			);
			defaultConfigurationIsVisible = 0;
			defaultConfigurationName = Release;
		};
/* End XCConfigurationList section */
	};
	rootObject = BE786CF02D8C799C00B133AF /* Project object */;
}
